
Microsoft Visual Studio Solution File, Format Version 12.00
# Visual Studio 15
Project("{FAE04EC0-301F-11D3-BF4B-00C04F79EFBC}") = "Scripts", "Scripts.csproj", "{CA3D135A-0270-094A-3284-7900D7ABE184}"
EndProject
Project("{FAE04EC0-301F-11D3-BF4B-00C04F79EFBC}") = "Editor", "Editor.csproj", "{1CEFB8CF-8EF2-42C8-9BA5-8425B20BE32A}"
EndProject
Global
	GlobalSection(SolutionConfigurationPlatforms) = preSolution
		Debug|Any CPU = Debug|Any CPU
		Release|Any CPU = Release|Any CPU
	EndGlobalSection
	GlobalSection(ProjectConfigurationPlatforms) = postSolution
		{CA3D135A-0270-094A-3284-7900D7ABE184}.Debug|Any CPU.ActiveCfg = Debug|Any CPU
		{CA3D135A-0270-094A-3284-7900D7ABE184}.Debug|Any CPU.Build.0 = Debug|Any CPU
		{CA3D135A-0270-094A-3284-7900D7ABE184}.Release|Any CPU.ActiveCfg = Release|Any CPU
		{CA3D135A-0270-094A-3284-7900D7ABE184}.Release|Any CPU.Build.0 = Release|Any CPU
		{1CEFB8CF-8EF2-42C8-9BA5-8425B20BE32A}.Debug|Any CPU.ActiveCfg = Debug|Any CPU
		{1CEFB8CF-8EF2-42C8-9BA5-8425B20BE32A}.Debug|Any CPU.Build.0 = Debug|Any CPU
		{1CEFB8CF-8EF2-42C8-9BA5-8425B20BE32A}.Release|Any CPU.ActiveCfg = Release|Any CPU
		{1CEFB8CF-8EF2-42C8-9BA5-8425B20BE32A}.Release|Any CPU.Build.0 = Release|Any CPU
	EndGlobalSection
	GlobalSection(SolutionProperties) = preSolution
		HideSolutionNode = FALSE
	EndGlobalSection
EndGlobal
